// !$*UTF8*$!
{
	archiveVersion = 1;
	classes = {
	};
	objectVersion = 46;
	objects = {

/* Begin PBXBuildFile section */
		DF0014E51E9A500A00CE652A /* AppDelegate.swift in Sources */ = {isa = PBXBuildFile; fileRef = DF0014E41E9A500A00CE652A /* AppDelegate.swift */; };
		DF0014E71E9A500A00CE652A /* ViewController.swift in Sources */ = {isa = PBXBuildFile; fileRef = DF0014E61E9A500A00CE652A /* ViewController.swift */; };
		DF0014EA1E9A500A00CE652A /* Main.storyboard in Resources */ = {isa = PBXBuildFile; fileRef = DF0014E81E9A500A00CE652A /* Main.storyboard */; };
		DF0014EC1E9A500A00CE652A /* Assets.xcassets in Resources */ = {isa = PBXBuildFile; fileRef = DF0014EB1E9A500A00CE652A /* Assets.xcassets */; };
		DF0014EF1E9A500A00CE652A /* LaunchScreen.storyboard in Resources */ = {isa = PBXBuildFile; fileRef = DF0014ED1E9A500A00CE652A /* LaunchScreen.storyboard */; };
		DF0015051E9A504C00CE652A /* ombre backgrounds  Tumblr copy.png in Resources */ = {isa = PBXBuildFile; fileRef = DF0014F61E9A504C00CE652A /* ombre backgrounds  Tumblr copy.png */; };
		DF0015061E9A504C00CE652A /* ombre backgrounds  Tumblr.png in Resources */ = {isa = PBXBuildFile; fileRef = DF0014F71E9A504C00CE652A /* ombre backgrounds  Tumblr.png */; };
		DF0015071E9A504C00CE652A /* pad_960x960.png in Resources */ = {isa = PBXBuildFile; fileRef = DF0014F81E9A504C00CE652A /* pad_960x960.png */; };
		DF0015081E9A504C00CE652A /* Reproductive-system1-300x273 (1).png in Resources */ = {isa = PBXBuildFile; fileRef = DF0014F91E9A504C00CE652A /* Reproductive-system1-300x273 (1).png */; };
		DF0015091E9A504C00CE652A /* Reproductive-system1-300x273.png in Resources */ = {isa = PBXBuildFile; fileRef = DF0014FA1E9A504C00CE652A /* Reproductive-system1-300x273.png */; };
		DF00150A1E9A504C00CE652A /* Screen Shot 2017-04-08 at 4.58.55 PM.png in Resources */ = {isa = PBXBuildFile; fileRef = DF0014FB1E9A504C00CE652A /* Screen Shot 2017-04-08 at 4.58.55 PM.png */; };
		DF00150B1E9A504C00CE652A /* Screen Shot 2017-04-08 at 10.11.16 PM.png in Resources */ = {isa = PBXBuildFile; fileRef = DF0014FC1E9A504C00CE652A /* Screen Shot 2017-04-08 at 10.11.16 PM.png */; };
		DF00150C1E9A504C00CE652A /* Screen Shot 2017-04-08 at 10.56.32 PM.png in Resources */ = {isa = PBXBuildFile; fileRef = DF0014FD1E9A504C00CE652A /* Screen Shot 2017-04-08 at 10.56.32 PM.png */; };
		DF00150D1E9A504C00CE652A /* Screen Shot 2017-04-08 at 11.02.12 PM.png in Resources */ = {isa = PBXBuildFile; fileRef = DF0014FE1E9A504C00CE652A /* Screen Shot 2017-04-08 at 11.02.12 PM.png */; };
		DF00150E1E9A504C00CE652A /* Screen Shot 2017-04-08 at 11.19.35 PM.png in Resources */ = {isa = PBXBuildFile; fileRef = DF0014FF1E9A504C00CE652A /* Screen Shot 2017-04-08 at 11.19.35 PM.png */; };
		DF00150F1E9A504C00CE652A /* tampon-main-image.jpg in Resources */ = {isa = PBXBuildFile; fileRef = DF0015001E9A504C00CE652A /* tampon-main-image.jpg */; };
		DF0015101E9A504C00CE652A /* tampon-with-applicator.jpg in Resources */ = {isa = PBXBuildFile; fileRef = DF0015011E9A504C00CE652A /* tampon-with-applicator.jpg */; };
		DF0015111E9A504C00CE652A /* Untitled-1.png in Resources */ = {isa = PBXBuildFile; fileRef = DF0015021E9A504C00CE652A /* Untitled-1.png */; };
		DF0015121E9A504C00CE652A /* vagina2 copy.png in Resources */ = {isa = PBXBuildFile; fileRef = DF0015031E9A504C00CE652A /* vagina2 copy.png */; };
		DF0015131E9A504C00CE652A /* vagina2.png in Resources */ = {isa = PBXBuildFile; fileRef = DF0015041E9A504C00CE652A /* vagina2.png */; };
		DF0015181E9A505200CE652A /* 3061769.jpeg in Resources */ = {isa = PBXBuildFile; fileRef = DF0015141E9A505200CE652A /* 3061769.jpeg */; };
		DF0015191E9A505200CE652A /* 17857437_1886065711639979_2110211727_n.png in Resources */ = {isa = PBXBuildFile; fileRef = DF0015151E9A505200CE652A /* 17857437_1886065711639979_2110211727_n.png */; };
		DF00151B1E9A505200CE652A /* Fleurcup_and_tampons.jpg in Resources */ = {isa = PBXBuildFile; fileRef = DF0015171E9A505200CE652A /* Fleurcup_and_tampons.jpg */; };
		DF428CE31E9A8BFA00E438A1 /* sdf.png in Resources */ = {isa = PBXBuildFile; fileRef = DF428CE21E9A8BFA00E438A1 /* sdf.png */; };
		DF428CE51E9A8D5900E438A1 /* 2asdf.png in Resources */ = {isa = PBXBuildFile; fileRef = DF428CE41E9A8D5900E438A1 /* 2asdf.png */; };
		DF428CE71E9A8D8F00E438A1 /* asdf.png in Resources */ = {isa = PBXBuildFile; fileRef = DF428CE61E9A8D8F00E438A1 /* asdf.png */; };
		DF428CE91E9A8DC700E438A1 /* 2.png in Resources */ = {isa = PBXBuildFile; fileRef = DF428CE81E9A8DC700E438A1 /* 2.png */; };
		DF428CEB1E9A905400E438A1 /* kkjh in Resources */ = {isa = PBXBuildFile; fileRef = DF428CEA1E9A905400E438A1 /* kkjh */; };
/* End PBXBuildFile section */

/* Begin PBXFileReference section */
		DF0014E11E9A500A00CE652A /* KnoYourFlo.app */ = {isa = PBXFileReference; explicitFileType = wrapper.application; includeInIndex = 0; path = KnoYourFlo.app; sourceTree = BUILT_PRODUCTS_DIR; };
		DF0014E41E9A500A00CE652A /* AppDelegate.swift */ = {isa = PBXFileReference; lastKnownFileType = sourcecode.swift; path = AppDelegate.swift; sourceTree = "<group>"; };
		DF0014E61E9A500A00CE652A /* ViewController.swift */ = {isa = PBXFileReference; lastKnownFileType = sourcecode.swift; path = ViewController.swift; sourceTree = "<group>"; };
		DF0014E91E9A500A00CE652A /* Base */ = {isa = PBXFileReference; lastKnownFileType = file.storyboard; name = Base; path = Base.lproj/Main.storyboard; sourceTree = "<group>"; };
		DF0014EB1E9A500A00CE652A /* Assets.xcassets */ = {isa = PBXFileReference; lastKnownFileType = folder.assetcatalog; path = Assets.xcassets; sourceTree = "<group>"; };
		DF0014EE1E9A500A00CE652A /* Base */ = {isa = PBXFileReference; lastKnownFileType = file.storyboard; name = Base; path = Base.lproj/LaunchScreen.storyboard; sourceTree = "<group>"; };
		DF0014F01E9A500A00CE652A /* Info.plist */ = {isa = PBXFileReference; lastKnownFileType = text.plist.xml; path = Info.plist; sourceTree = "<group>"; };
		DF0014F61E9A504C00CE652A /* ombre backgrounds  Tumblr copy.png */ = {isa = PBXFileReference; lastKnownFileType = image.png; name = "ombre backgrounds  Tumblr copy.png"; path = "../ombre backgrounds  Tumblr copy.png"; sourceTree = "<group>"; };
		DF0014F71E9A504C00CE652A /* ombre backgrounds  Tumblr.png */ = {isa = PBXFileReference; lastKnownFileType = image.png; name = "ombre backgrounds  Tumblr.png"; path = "../ombre backgrounds  Tumblr.png"; sourceTree = "<group>"; };
		DF0014F81E9A504C00CE652A /* pad_960x960.png */ = {isa = PBXFileReference; lastKnownFileType = image.png; name = pad_960x960.png; path = ../pad_960x960.png; sourceTree = "<group>"; };
		DF0014F91E9A504C00CE652A /* Reproductive-system1-300x273 (1).png */ = {isa = PBXFileReference; lastKnownFileType = image.png; name = "Reproductive-system1-300x273 (1).png"; path = "../Reproductive-system1-300x273 (1).png"; sourceTree = "<group>"; };
		DF0014FA1E9A504C00CE652A /* Reproductive-system1-300x273.png */ = {isa = PBXFileReference; lastKnownFileType = image.png; name = "Reproductive-system1-300x273.png"; path = "../Reproductive-system1-300x273.png"; sourceTree = "<group>"; };
		DF0014FB1E9A504C00CE652A /* Screen Shot 2017-04-08 at 4.58.55 PM.png */ = {isa = PBXFileReference; lastKnownFileType = image.png; name = "Screen Shot 2017-04-08 at 4.58.55 PM.png"; path = "../Screen Shot 2017-04-08 at 4.58.55 PM.png"; sourceTree = "<group>"; };
		DF0014FC1E9A504C00CE652A /* Screen Shot 2017-04-08 at 10.11.16 PM.png */ = {isa = PBXFileReference; lastKnownFileType = image.png; name = "Screen Shot 2017-04-08 at 10.11.16 PM.png"; path = "../Screen Shot 2017-04-08 at 10.11.16 PM.png"; sourceTree = "<group>"; };
		DF0014FD1E9A504C00CE652A /* Screen Shot 2017-04-08 at 10.56.32 PM.png */ = {isa = PBXFileReference; lastKnownFileType = image.png; name = "Screen Shot 2017-04-08 at 10.56.32 PM.png"; path = "../Screen Shot 2017-04-08 at 10.56.32 PM.png"; sourceTree = "<group>"; };
		DF0014FE1E9A504C00CE652A /* Screen Shot 2017-04-08 at 11.02.12 PM.png */ = {isa = PBXFileReference; lastKnownFileType = image.png; name = "Screen Shot 2017-04-08 at 11.02.12 PM.png"; path = "../Screen Shot 2017-04-08 at 11.02.12 PM.png"; sourceTree = "<group>"; };
		DF0014FF1E9A504C00CE652A /* Screen Shot 2017-04-08 at 11.19.35 PM.png */ = {isa = PBXFileReference; lastKnownFileType = image.png; name = "Screen Shot 2017-04-08 at 11.19.35 PM.png"; path = "../Screen Shot 2017-04-08 at 11.19.35 PM.png"; sourceTree = "<group>"; };
		DF0015001E9A504C00CE652A /* tampon-main-image.jpg */ = {isa = PBXFileReference; lastKnownFileType = image.jpeg; name = "tampon-main-image.jpg"; path = "../tampon-main-image.jpg"; sourceTree = "<group>"; };
		DF0015011E9A504C00CE652A /* tampon-with-applicator.jpg */ = {isa = PBXFileReference; lastKnownFileType = image.jpeg; name = "tampon-with-applicator.jpg"; path = "../tampon-with-applicator.jpg"; sourceTree = "<group>"; };
		DF0015021E9A504C00CE652A /* Untitled-1.png */ = {isa = PBXFileReference; lastKnownFileType = image.png; name = "Untitled-1.png"; path = "../Untitled-1.png"; sourceTree = "<group>"; };
		DF0015031E9A504C00CE652A /* vagina2 copy.png */ = {isa = PBXFileReference; lastKnownFileType = image.png; name = "vagina2 copy.png"; path = "../vagina2 copy.png"; sourceTree = "<group>"; };
		DF0015041E9A504C00CE652A /* vagina2.png */ = {isa = PBXFileReference; lastKnownFileType = image.png; name = vagina2.png; path = ../vagina2.png; sourceTree = "<group>"; };
		DF0015141E9A505200CE652A /* 3061769.jpeg */ = {isa = PBXFileReference; lastKnownFileType = image.jpeg; name = 3061769.jpeg; path = ../3061769.jpeg; sourceTree = "<group>"; };
		DF0015151E9A505200CE652A /* 17857437_1886065711639979_2110211727_n.png */ = {isa = PBXFileReference; lastKnownFileType = image.png; name = 17857437_1886065711639979_2110211727_n.png; path = ../17857437_1886065711639979_2110211727_n.png; sourceTree = "<group>"; };
		DF0015171E9A505200CE652A /* Fleurcup_and_tampons.jpg */ = {isa = PBXFileReference; lastKnownFileType = image.jpeg; name = Fleurcup_and_tampons.jpg; path = ../Fleurcup_and_tampons.jpg; sourceTree = "<group>"; };
		DF428CE21E9A8BFA00E438A1 /* sdf.png */ = {isa = PBXFileReference; lastKnownFileType = image.png; name = sdf.png; path = ../sdf.png; sourceTree = "<group>"; };
		DF428CE41E9A8D5900E438A1 /* 2asdf.png */ = {isa = PBXFileReference; lastKnownFileType = image.png; name = 2asdf.png; path = ../2asdf.png; sourceTree = "<group>"; };
		DF428CE61E9A8D8F00E438A1 /* asdf.png */ = {isa = PBXFileReference; lastKnownFileType = image.png; name = asdf.png; path = ../asdf.png; sourceTree = "<group>"; };
		DF428CE81E9A8DC700E438A1 /* 2.png */ = {isa = PBXFileReference; lastKnownFileType = image.png; name = 2.png; path = ../2.png; sourceTree = "<group>"; };
		DF428CEA1E9A905400E438A1 /* kkjh */ = {isa = PBXFileReference; lastKnownFileType = file; name = kkjh; path = ../kkjh; sourceTree = "<group>"; };
/* End PBXFileReference section */

/* Begin PBXFrameworksBuildPhase section */
		DF0014DE1E9A500A00CE652A /* Frameworks */ = {
			isa = PBXFrameworksBuildPhase;
			buildActionMask = 2147483647;
			files = (
			);
			runOnlyForDeploymentPostprocessing = 0;
		};
/* End PBXFrameworksBuildPhase section */

/* Begin PBXGroup section */
		DF0014D81E9A500A00CE652A = {
			isa = PBXGroup;
			children = (
				DF428CE81E9A8DC700E438A1 /* 2.png */,
				DF428CE61E9A8D8F00E438A1 /* asdf.png */,
				DF428CE41E9A8D5900E438A1 /* 2asdf.png */,
				DF428CE21E9A8BFA00E438A1 /* sdf.png */,
				DF0015141E9A505200CE652A /* 3061769.jpeg */,
				DF0015151E9A505200CE652A /* 17857437_1886065711639979_2110211727_n.png */,
				DF0015171E9A505200CE652A /* Fleurcup_and_tampons.jpg */,
				DF0014F61E9A504C00CE652A /* ombre backgrounds  Tumblr copy.png */,
				DF0014F71E9A504C00CE652A /* ombre backgrounds  Tumblr.png */,
				DF0014F81E9A504C00CE652A /* pad_960x960.png */,
				DF0014F91E9A504C00CE652A /* Reproductive-system1-300x273 (1).png */,
				DF0014FA1E9A504C00CE652A /* Reproductive-system1-300x273.png */,
				DF0014FB1E9A504C00CE652A /* Screen Shot 2017-04-08 at 4.58.55 PM.png */,
				DF0014FC1E9A504C00CE652A /* Screen Shot 2017-04-08 at 10.11.16 PM.png */,
				DF428CEA1E9A905400E438A1 /* kkjh */,
				DF0014FD1E9A504C00CE652A /* Screen Shot 2017-04-08 at 10.56.32 PM.png */,
				DF0014FE1E9A504C00CE652A /* Screen Shot 2017-04-08 at 11.02.12 PM.png */,
				DF0014FF1E9A504C00CE652A /* Screen Shot 2017-04-08 at 11.19.35 PM.png */,
				DF0015001E9A504C00CE652A /* tampon-main-image.jpg */,
				DF0015011E9A504C00CE652A /* tampon-with-applicator.jpg */,
				DF0015021E9A504C00CE652A /* Untitled-1.png */,
				DF0015031E9A504C00CE652A /* vagina2 copy.png */,
				DF0015041E9A504C00CE652A /* vagina2.png */,
				DF0014E31E9A500A00CE652A /* KnoYourFlo */,
				DF0014E21E9A500A00CE652A /* Products */,
			);
			sourceTree = "<group>";
		};
		DF0014E21E9A500A00CE652A /* Products */ = {
			isa = PBXGroup;
			children = (
				DF0014E11E9A500A00CE652A /* KnoYourFlo.app */,
			);
			name = Products;
			sourceTree = "<group>";
		};
		DF0014E31E9A500A00CE652A /* KnoYourFlo */ = {
			isa = PBXGroup;
			children = (
				DF0014E41E9A500A00CE652A /* AppDelegate.swift */,
				DF0014E61E9A500A00CE652A /* ViewController.swift */,
				DF0014E81E9A500A00CE652A /* Main.storyboard */,
				DF0014EB1E9A500A00CE652A /* Assets.xcassets */,
				DF0014ED1E9A500A00CE652A /* LaunchScreen.storyboard */,
				DF0014F01E9A500A00CE652A /* Info.plist */,
			);
			path = KnoYourFlo;
			sourceTree = "<group>";
		};
/* End PBXGroup section */

/* Begin PBXNativeTarget section */
		DF0014E01E9A500A00CE652A /* KnoYourFlo */ = {
			isa = PBXNativeTarget;
			buildConfigurationList = DF0014F31E9A500A00CE652A /* Build configuration list for PBXNativeTarget "KnoYourFlo" */;
			buildPhases = (
				DF0014DD1E9A500A00CE652A /* Sources */,
				DF0014DE1E9A500A00CE652A /* Frameworks */,
				DF0014DF1E9A500A00CE652A /* Resources */,
			);
			buildRules = (
			);
			dependencies = (
			);
			name = KnoYourFlo;
			productName = KnoYourFlo;
			productReference = DF0014E11E9A500A00CE652A /* KnoYourFlo.app */;
			productType = "com.apple.product-type.application";
		};
/* End PBXNativeTarget section */

/* Begin PBXProject section */
		DF0014D91E9A500A00CE652A /* Project object */ = {
			isa = PBXProject;
			attributes = {
				LastSwiftUpdateCheck = 0830;
				LastUpgradeCheck = 0830;
				ORGANIZATIONNAME = "Katherine Legaspi";
				TargetAttributes = {
					DF0014E01E9A500A00CE652A = {
						CreatedOnToolsVersion = 8.3.1;
						DevelopmentTeam = SEY884D326;
						ProvisioningStyle = Automatic;
					};
				};
			};
			buildConfigurationList = DF0014DC1E9A500A00CE652A /* Build configuration list for PBXProject "KnoYourFlo" */;
			compatibilityVersion = "Xcode 3.2";
			developmentRegion = English;
			hasScannedForEncodings = 0;
			knownRegions = (
				en,
				Base,
			);
			mainGroup = DF0014D81E9A500A00CE652A;
			productRefGroup = DF0014E21E9A500A00CE652A /* Products */;
			projectDirPath = "";
			projectRoot = "";
			targets = (
				DF0014E01E9A500A00CE652A /* KnoYourFlo */,
			);
		};
/* End PBXProject section */

/* Begin PBXResourcesBuildPhase section */
		DF0014DF1E9A500A00CE652A /* Resources */ = {
			isa = PBXResourcesBuildPhase;
			buildActionMask = 2147483647;
			files = (
				DF428CE91E9A8DC700E438A1 /* 2.png in Resources */,
				DF0014EF1E9A500A00CE652A /* LaunchScreen.storyboard in Resources */,
				DF0015101E9A504C00CE652A /* tampon-with-applicator.jpg in Resources */,
				DF0014EC1E9A500A00CE652A /* Assets.xcassets in Resources */,
				DF00150C1E9A504C00CE652A /* Screen Shot 2017-04-08 at 10.56.32 PM.png in Resources */,
				DF00150B1E9A504C00CE652A /* Screen Shot 2017-04-08 at 10.11.16 PM.png in Resources */,
				DF00150A1E9A504C00CE652A /* Screen Shot 2017-04-08 at 4.58.55 PM.png in Resources */,
				DF0015051E9A504C00CE652A /* ombre backgrounds  Tumblr copy.png in Resources */,
				DF0015181E9A505200CE652A /* 3061769.jpeg in Resources */,
				DF0015081E9A504C00CE652A /* Reproductive-system1-300x273 (1).png in Resources */,
				DF0015131E9A504C00CE652A /* vagina2.png in Resources */,
				DF0015111E9A504C00CE652A /* Untitled-1.png in Resources */,
				DF428CE51E9A8D5900E438A1 /* 2asdf.png in Resources */,
				DF0015091E9A504C00CE652A /* Reproductive-system1-300x273.png in Resources */,
				DF0015191E9A505200CE652A /* 17857437_1886065711639979_2110211727_n.png in Resources */,
				DF0015061E9A504C00CE652A /* ombre backgrounds  Tumblr.png in Resources */,
				DF00150F1E9A504C00CE652A /* tampon-main-image.jpg in Resources */,
				DF0015071E9A504C00CE652A /* pad_960x960.png in Resources */,
				DF428CE31E9A8BFA00E438A1 /* sdf.png in Resources */,
				DF428CEB1E9A905400E438A1 /* kkjh in Resources */,
				DF0014EA1E9A500A00CE652A /* Main.storyboard in Resources */,
				DF00151B1E9A505200CE652A /* Fleurcup_and_tampons.jpg in Resources */,
				DF428CE71E9A8D8F00E438A1 /* asdf.png in Resources */,
				DF00150E1E9A504C00CE652A /* Screen Shot 2017-04-08 at 11.19.35 PM.png in Resources */,
				DF0015121E9A504C00CE652A /* vagina2 copy.png in Resources */,
				DF00150D1E9A504C00CE652A /* Screen Shot 2017-04-08 at 11.02.12 PM.png in Resources */,
			);
			runOnlyForDeploymentPostprocessing = 0;
		};
/* End PBXResourcesBuildPhase section */

/* Begin PBXSourcesBuildPhase section */
		DF0014DD1E9A500A00CE652A /* Sources */ = {
			isa = PBXSourcesBuildPhase;
			buildActionMask = 2147483647;
			files = (
				DF0014E71E9A500A00CE652A /* ViewController.swift in Sources */,
				DF0014E51E9A500A00CE652A /* AppDelegate.swift in Sources */,
			);
			runOnlyForDeploymentPostprocessing = 0;
		};
/* End PBXSourcesBuildPhase section */

/* Begin PBXVariantGroup section */
		DF0014E81E9A500A00CE652A /* Main.storyboard */ = {
			isa = PBXVariantGroup;
			children = (
				DF0014E91E9A500A00CE652A /* Base */,
			);
			name = Main.storyboard;
			sourceTree = "<group>";
		};
		DF0014ED1E9A500A00CE652A /* LaunchScreen.storyboard */ = {
			isa = PBXVariantGroup;
			children = (
				DF0014EE1E9A500A00CE652A /* Base */,
			);
			name = LaunchScreen.storyboard;
			sourceTree = "<group>";
		};
/* End PBXVariantGroup section */

/* Begin XCBuildConfiguration section */
		DF0014F11E9A500A00CE652A /* Debug */ = {
			isa = XCBuildConfiguration;
			buildSettings = {
				ALWAYS_SEARCH_USER_PATHS = NO;
				CLANG_ANALYZER_NONNULL = YES;
				CLANG_ANALYZER_NUMBER_OBJECT_CONVERSION = YES_AGGRESSIVE;
				CLANG_CXX_LANGUAGE_STANDARD = "gnu++0x";
				CLANG_CXX_LIBRARY = "libc++";
				CLANG_ENABLE_MODULES = YES;
				CLANG_ENABLE_OBJC_ARC = YES;
				CLANG_WARN_BOOL_CONVERSION = YES;
				CLANG_WARN_CONSTANT_CONVERSION = YES;
				CLANG_WARN_DIRECT_OBJC_ISA_USAGE = YES_ERROR;
				CLANG_WARN_DOCUMENTATION_COMMENTS = YES;
				CLANG_WARN_EMPTY_BODY = YES;
				CLANG_WARN_ENUM_CONVERSION = YES;
				CLANG_WARN_INFINITE_RECURSION = YES;
				CLANG_WARN_INT_CONVERSION = YES;
				CLANG_WARN_OBJC_ROOT_CLASS = YES_ERROR;
				CLANG_WARN_SUSPICIOUS_MOVE = YES;
				CLANG_WARN_UNREACHABLE_CODE = YES;
				CLANG_WARN__DUPLICATE_METHOD_MATCH = YES;
				"CODE_SIGN_IDENTITY[sdk=iphoneos*]" = "iPhone Developer";
				COPY_PHASE_STRIP = NO;
				DEBUG_INFORMATION_FORMAT = dwarf;
				ENABLE_STRICT_OBJC_MSGSEND = YES;
				ENABLE_TESTABILITY = YES;
				GCC_C_LANGUAGE_STANDARD = gnu99;
				GCC_DYNAMIC_NO_PIC = NO;
				GCC_NO_COMMON_BLOCKS = YES;
				GCC_OPTIMIZATION_LEVEL = 0;
				GCC_PREPROCESSOR_DEFINITIONS = (
					"DEBUG=1",
					"$(inherited)",
				);
				GCC_WARN_64_TO_32_BIT_CONVERSION = YES;
				GCC_WARN_ABOUT_RETURN_TYPE = YES_ERROR;
				GCC_WARN_UNDECLARED_SELECTOR = YES;
				GCC_WARN_UNINITIALIZED_AUTOS = YES_AGGRESSIVE;
				GCC_WARN_UNUSED_FUNCTION = YES;
				GCC_WARN_UNUSED_VARIABLE = YES;
				IPHONEOS_DEPLOYMENT_TARGET = 10.3;
				MTL_ENABLE_DEBUG_INFO = YES;
				ONLY_ACTIVE_ARCH = YES;
				SDKROOT = iphoneos;
				SWIFT_ACTIVE_COMPILATION_CONDITIONS = DEBUG;
				SWIFT_OPTIMIZATION_LEVEL = "-Onone";
			};
			name = Debug;
		};
		DF0014F21E9A500A00CE652A /* Release */ = {
			isa = XCBuildConfiguration;
			buildSettings = {
				ALWAYS_SEARCH_USER_PATHS = NO;
				CLANG_ANALYZER_NONNULL = YES;
				CLANG_ANALYZER_NUMBER_OBJECT_CONVERSION = YES_AGGRESSIVE;
				CLANG_CXX_LANGUAGE_STANDARD = "gnu++0x";
				CLANG_CXX_LIBRARY = "libc++";
				CLANG_ENABLE_MODULES = YES;
				CLANG_ENABLE_OBJC_ARC = YES;
				CLANG_WARN_BOOL_CONVERSION = YES;
				CLANG_WARN_CONSTANT_CONVERSION = YES;
				CLANG_WARN_DIRECT_OBJC_ISA_USAGE = YES_ERROR;
				CLANG_WARN_DOCUMENTATION_COMMENTS = YES;
				CLANG_WARN_EMPTY_BODY = YES;
				CLANG_WARN_ENUM_CONVERSION = YES;
				CLANG_WARN_INFINITE_RECURSION = YES;
				CLANG_WARN_INT_CONVERSION = YES;
				CLANG_WARN_OBJC_ROOT_CLASS = YES_ERROR;
				CLANG_WARN_SUSPICIOUS_MOVE = YES;
				CLANG_WARN_UNREACHABLE_CODE = YES;
				CLANG_WARN__DUPLICATE_METHOD_MATCH = YES;
				"CODE_SIGN_IDENTITY[sdk=iphoneos*]" = "iPhone Developer";
				COPY_PHASE_STRIP = NO;
				DEBUG_INFORMATION_FORMAT = "dwarf-with-dsym";
				ENABLE_NS_ASSERTIONS = NO;
				ENABLE_STRICT_OBJC_MSGSEND = YES;
				GCC_C_LANGUAGE_STANDARD = gnu99;
				GCC_NO_COMMON_BLOCKS = YES;
				GCC_WARN_64_TO_32_BIT_CONVERSION = YES;
				GCC_WARN_ABOUT_RETURN_TYPE = YES_ERROR;
				GCC_WARN_UNDECLARED_SELECTOR = YES;
				GCC_WARN_UNINITIALIZED_AUTOS = YES_AGGRESSIVE;
				GCC_WARN_UNUSED_FUNCTION = YES;
				GCC_WARN_UNUSED_VARIABLE = YES;
				IPHONEOS_DEPLOYMENT_TARGET = 10.3;
				MTL_ENABLE_DEBUG_INFO = NO;
				SDKROOT = iphoneos;
				SWIFT_OPTIMIZATION_LEVEL = "-Owholemodule";
				VALIDATE_PRODUCT = YES;
			};
			name = Release;
		};
		DF0014F41E9A500A00CE652A /* Debug */ = {
			isa = XCBuildConfiguration;
			buildSettings = {
				ASSETCATALOG_COMPILER_APPICON_NAME = AppIcon;
				DEVELOPMENT_TEAM = SEY884D326;
				INFOPLIST_FILE = KnoYourFlo/Info.plist;
				LD_RUNPATH_SEARCH_PATHS = "$(inherited) @executable_path/Frameworks";
				PRODUCT_BUNDLE_IDENTIFIER = SK.KnoYourFlo;
				PRODUCT_NAME = "$(TARGET_NAME)";
				SWIFT_VERSION = 3.0;
			};
			name = Debug;
		};
		DF0014F51E9A500A00CE652A /* Release */ = {
			isa = XCBuildConfiguration;
			buildSettings = {
				ASSETCATALOG_COMPILER_APPICON_NAME = AppIcon;
				DEVELOPMENT_TEAM = SEY884D326;
				INFOPLIST_FILE = KnoYourFlo/Info.plist;
				LD_RUNPATH_SEARCH_PATHS = "$(inherited) @executable_path/Frameworks";
				PRODUCT_BUNDLE_IDENTIFIER = SK.KnoYourFlo;
				PRODUCT_NAME = "$(TARGET_NAME)";
				SWIFT_VERSION = 3.0;
			};
			name = Release;
		};
/* End XCBuildConfiguration section */

/* Begin XCConfigurationList section */
		DF0014DC1E9A500A00CE652A /* Build configuration list for PBXProject "KnoYourFlo" */ = {
			isa = XCConfigurationList;
			buildConfigurations = (
				DF0014F11E9A500A00CE652A /* Debug */,
				DF0014F21E9A500A00CE652A /* Release */,
			);
			defaultConfigurationIsVisible = 0;
			defaultConfigurationName = Release;
		};
		DF0014F31E9A500A00CE652A /* Build configuration list for PBXNativeTarget "KnoYourFlo" */ = {
			isa = XCConfigurationList;
			buildConfigurations = (
				DF0014F41E9A500A00CE652A /* Debug */,
				DF0014F51E9A500A00CE652A /* Release */,
			);
			defaultConfigurationIsVisible = 0;
			defaultConfigurationName = Release;
		};
/* End XCConfigurationList section */
	};
	rootObject = DF0014D91E9A500A00CE652A /* Project object */;
}
